
Microsoft Visual Studio Solution File, Format Version 12.00
# Visual Studio Version 16
VisualStudioVersion = 16.0.30002.166
MinimumVisualStudioVersion = 10.0.40219.1
Project("{FAE04EC0-301F-11D3-BF4B-00C04F79EFBC}") = "ShinobuBotNet", "ShinobuBotNet\ShinobuBotNet.csproj", "{C05940C9-EABD-4EE2-A357-9A7F473448AD}"
EndProject
Project("{2150E333-8FDC-42A3-9474-1A3956D46DE8}") = "Solution Items", "Solution Items", "{F4358FFB-7F0B-49DC-8685-F47CECCC30CC}"
	ProjectSection(SolutionItems) = preProject
		.editorconfig = .editorconfig
	EndProjectSection
EndProject
Global
	GlobalSection(SolutionConfigurationPlatforms) = preSolution
		Debug|Any CPU = Debug|Any CPU
		Release|Any CPU = Release|Any CPU
	EndGlobalSection
	GlobalSection(ProjectConfigurationPlatforms) = postSolution
		{C05940C9-EABD-4EE2-A357-9A7F473448AD}.Debug|Any CPU.ActiveCfg = Debug|Any CPU
		{C05940C9-EABD-4EE2-A357-9A7F473448AD}.Debug|Any CPU.Build.0 = Debug|Any CPU
		{C05940C9-EABD-4EE2-A357-9A7F473448AD}.Release|Any CPU.ActiveCfg = Release|Any CPU
		{C05940C9-EABD-4EE2-A357-9A7F473448AD}.Release|Any CPU.Build.0 = Release|Any CPU
	EndGlobalSection
	GlobalSection(SolutionProperties) = preSolution
		HideSolutionNode = FALSE
	EndGlobalSection
	GlobalSection(ExtensibilityGlobals) = postSolution
		SolutionGuid = {CE8AB96E-A86C-4B95-8149-6A05D1162012}
	EndGlobalSection
EndGlobal
